
Microsoft Visual Studio Solution File, Format Version 12.00
# Visual Studio Version 17
VisualStudioVersion = 17.1.32414.318
MinimumVisualStudioVersion = 10.0.40219.1
Project("{FAE04EC0-301F-11D3-BF4B-00C04F79EFBC}") = "InterpVBA", "InterpVBA\InterpVBA.csproj", "{05D42C73-A8E3-4EA5-8894-9A2FFCEC7C4E}"
EndProject
Global
	GlobalSection(SolutionConfigurationPlatforms) = preSolution
		Debug|Any CPU = Debug|Any CPU
		Release|Any CPU = Release|Any CPU
	EndGlobalSection
	GlobalSection(ProjectConfigurationPlatforms) = postSolution
		{05D42C73-A8E3-4EA5-8894-9A2FFCEC7C4E}.Debug|Any CPU.ActiveCfg = Debug|Any CPU
		{05D42C73-A8E3-4EA5-8894-9A2FFCEC7C4E}.Debug|Any CPU.Build.0 = Debug|Any CPU
		{05D42C73-A8E3-4EA5-8894-9A2FFCEC7C4E}.Release|Any CPU.ActiveCfg = Release|Any CPU
		{05D42C73-A8E3-4EA5-8894-9A2FFCEC7C4E}.Release|Any CPU.Build.0 = Release|Any CPU
	EndGlobalSection
	GlobalSection(SolutionProperties) = preSolution
		HideSolutionNode = FALSE
	EndGlobalSection
	GlobalSection(ExtensibilityGlobals) = postSolution
		SolutionGuid = {5A397A14-BD07-41AC-A7F5-4C379D82737F}
	EndGlobalSection
EndGlobal
